// !$*UTF8*$!
{
	archiveVersion = 1;
	classes = {
	};
	objectVersion = 46;
	objects = {

/* Begin PBXBuildFile section */
		DE18E8011CFDAFC400C557AC /* main.c in Sources */ = {isa = PBXBuildFile; fileRef = DE18E8001CFDAFC400C557AC /* main.c */; };
/* End PBXBuildFile section */

/* Begin PBXCopyFilesBuildPhase section */
		DE18E7FB1CFDAFC400C557AC /* CopyFiles */ = {
			isa = PBXCopyFilesBuildPhase;
			buildActionMask = 2147483647;
			dstPath = /usr/share/man/man1/;
			dstSubfolderSpec = 0;
			files = (
			);
			runOnlyForDeploymentPostprocessing = 1;
		};
/* End PBXCopyFilesBuildPhase section */

/* Begin PBXFileReference section */
		DE18E7FD1CFDAFC400C557AC /* 纸牌游戏小猫钓鱼 */ = {isa = PBXFileReference; explicitFileType = "compiled.mach-o.executable"; includeInIndex = 0; path = "纸牌游戏小猫钓鱼"; sourceTree = BUILT_PRODUCTS_DIR; };
		DE18E8001CFDAFC400C557AC /* main.c */ = {isa = PBXFileReference; lastKnownFileType = sourcecode.c.c; path = main.c; sourceTree = "<group>"; };
/* End PBXFileReference section */

/* Begin PBXFrameworksBuildPhase section */
		DE18E7FA1CFDAFC400C557AC /* Frameworks */ = {
			isa = PBXFrameworksBuildPhase;
			buildActionMask = 2147483647;
			files = (
			);
			runOnlyForDeploymentPostprocessing = 0;
		};
/* End PBXFrameworksBuildPhase section */

/* Begin PBXGroup section */
		DE18E7F41CFDAFC400C557AC = {
			isa = PBXGroup;
			children = (
				DE18E7FF1CFDAFC400C557AC /* 纸牌游戏小猫钓鱼 */,
				DE18E7FE1CFDAFC400C557AC /* Products */,
			);
			sourceTree = "<group>";
		};
		DE18E7FE1CFDAFC400C557AC /* Products */ = {
			isa = PBXGroup;
			children = (
				DE18E7FD1CFDAFC400C557AC /* 纸牌游戏小猫钓鱼 */,
			);
			name = Products;
			sourceTree = "<group>";
		};
		DE18E7FF1CFDAFC400C557AC /* 纸牌游戏小猫钓鱼 */ = {
			isa = PBXGroup;
			children = (
				DE18E8001CFDAFC400C557AC /* main.c */,
			);
			path = "纸牌游戏小猫钓鱼";
			sourceTree = "<group>";
		};
/* End PBXGroup section */

/* Begin PBXNativeTarget section */
		DE18E7FC1CFDAFC400C557AC /* 纸牌游戏小猫钓鱼 */ = {
			isa = PBXNativeTarget;
			buildConfigurationList = DE18E8041CFDAFC400C557AC /* Build configuration list for PBXNativeTarget "纸牌游戏小猫钓鱼" */;
			buildPhases = (
				DE18E7F91CFDAFC400C557AC /* Sources */,
				DE18E7FA1CFDAFC400C557AC /* Frameworks */,
				DE18E7FB1CFDAFC400C557AC /* CopyFiles */,
			);
			buildRules = (
			);
			dependencies = (
			);
			name = "纸牌游戏小猫钓鱼";
			productName = "纸牌游戏小猫钓鱼";
			productReference = DE18E7FD1CFDAFC400C557AC /* 纸牌游戏小猫钓鱼 */;
			productType = "com.apple.product-type.tool";
		};
/* End PBXNativeTarget section */

/* Begin PBXProject section */
		DE18E7F51CFDAFC400C557AC /* Project object */ = {
			isa = PBXProject;
			attributes = {
				LastUpgradeCheck = 0730;
				ORGANIZATIONNAME = cky;
				TargetAttributes = {
					DE18E7FC1CFDAFC400C557AC = {
						CreatedOnToolsVersion = 7.3.1;
					};
				};
			};
			buildConfigurationList = DE18E7F81CFDAFC400C557AC /* Build configuration list for PBXProject "纸牌游戏小猫钓鱼" */;
			compatibilityVersion = "Xcode 3.2";
			developmentRegion = English;
			hasScannedForEncodings = 0;
			knownRegions = (
				en,
			);
			mainGroup = DE18E7F41CFDAFC400C557AC;
			productRefGroup = DE18E7FE1CFDAFC400C557AC /* Products */;
			projectDirPath = "";
			projectRoot = "";
			targets = (
				DE18E7FC1CFDAFC400C557AC /* 纸牌游戏小猫钓鱼 */,
			);
		};
/* End PBXProject section */

/* Begin PBXSourcesBuildPhase section */
		DE18E7F91CFDAFC400C557AC /* Sources */ = {
			isa = PBXSourcesBuildPhase;
			buildActionMask = 2147483647;
			files = (
				DE18E8011CFDAFC400C557AC /* main.c in Sources */,
			);
			runOnlyForDeploymentPostprocessing = 0;
		};
/* End PBXSourcesBuildPhase section */

/* Begin XCBuildConfiguration section */
		DE18E8021CFDAFC400C557AC /* Debug */ = {
			isa = XCBuildConfiguration;
			buildSettings = {
				ALWAYS_SEARCH_USER_PATHS = NO;
				CLANG_ANALYZER_NONNULL = YES;
				CLANG_CXX_LANGUAGE_STANDARD = "gnu++0x";
				CLANG_CXX_LIBRARY = "libc++";
				CLANG_ENABLE_MODULES = YES;
				CLANG_ENABLE_OBJC_ARC = YES;
				CLANG_WARN_BOOL_CONVERSION = YES;
				CLANG_WARN_CONSTANT_CONVERSION = YES;
				CLANG_WARN_DIRECT_OBJC_ISA_USAGE = YES_ERROR;
				CLANG_WARN_EMPTY_BODY = YES;
				CLANG_WARN_ENUM_CONVERSION = YES;
				CLANG_WARN_INT_CONVERSION = YES;
				CLANG_WARN_OBJC_ROOT_CLASS = YES_ERROR;
				CLANG_WARN_UNREACHABLE_CODE = YES;
				CLANG_WARN__DUPLICATE_METHOD_MATCH = YES;
				CODE_SIGN_IDENTITY = "-";
				COPY_PHASE_STRIP = NO;
				DEBUG_INFORMATION_FORMAT = dwarf;
				ENABLE_STRICT_OBJC_MSGSEND = YES;
				ENABLE_TESTABILITY = YES;
				GCC_C_LANGUAGE_STANDARD = gnu99;
				GCC_DYNAMIC_NO_PIC = NO;
				GCC_NO_COMMON_BLOCKS = YES;
				GCC_OPTIMIZATION_LEVEL = 0;
				GCC_PREPROCESSOR_DEFINITIONS = (
					"DEBUG=1",
					"$(inherited)",
				);
				GCC_WARN_64_TO_32_BIT_CONVERSION = YES;
				GCC_WARN_ABOUT_RETURN_TYPE = YES_ERROR;
				GCC_WARN_UNDECLARED_SELECTOR = YES;
				GCC_WARN_UNINITIALIZED_AUTOS = YES_AGGRESSIVE;
				GCC_WARN_UNUSED_FUNCTION = YES;
				GCC_WARN_UNUSED_VARIABLE = YES;
				MACOSX_DEPLOYMENT_TARGET = 10.11;
				MTL_ENABLE_DEBUG_INFO = YES;
				ONLY_ACTIVE_ARCH = YES;
				SDKROOT = macosx;
			};
			name = Debug;
		};
		DE18E8031CFDAFC400C557AC /* Release */ = {
			isa = XCBuildConfiguration;
			buildSettings = {
				ALWAYS_SEARCH_USER_PATHS = NO;
				CLANG_ANALYZER_NONNULL = YES;
				CLANG_CXX_LANGUAGE_STANDARD = "gnu++0x";
				CLANG_CXX_LIBRARY = "libc++";
				CLANG_ENABLE_MODULES = YES;
				CLANG_ENABLE_OBJC_ARC = YES;
				CLANG_WARN_BOOL_CONVERSION = YES;
				CLANG_WARN_CONSTANT_CONVERSION = YES;
				CLANG_WARN_DIRECT_OBJC_ISA_USAGE = YES_ERROR;
				CLANG_WARN_EMPTY_BODY = YES;
				CLANG_WARN_ENUM_CONVERSION = YES;
				CLANG_WARN_INT_CONVERSION = YES;
				CLANG_WARN_OBJC_ROOT_CLASS = YES_ERROR;
				CLANG_WARN_UNREACHABLE_CODE = YES;
				CLANG_WARN__DUPLICATE_METHOD_MATCH = YES;
				CODE_SIGN_IDENTITY = "-";
				COPY_PHASE_STRIP = NO;
				DEBUG_INFORMATION_FORMAT = "dwarf-with-dsym";
				ENABLE_NS_ASSERTIONS = NO;
				ENABLE_STRICT_OBJC_MSGSEND = YES;
				GCC_C_LANGUAGE_STANDARD = gnu99;
				GCC_NO_COMMON_BLOCKS = YES;
				GCC_WARN_64_TO_32_BIT_CONVERSION = YES;
				GCC_WARN_ABOUT_RETURN_TYPE = YES_ERROR;
				GCC_WARN_UNDECLARED_SELECTOR = YES;
				GCC_WARN_UNINITIALIZED_AUTOS = YES_AGGRESSIVE;
				GCC_WARN_UNUSED_FUNCTION = YES;
				GCC_WARN_UNUSED_VARIABLE = YES;
				MACOSX_DEPLOYMENT_TARGET = 10.11;
				MTL_ENABLE_DEBUG_INFO = NO;
				SDKROOT = macosx;
			};
			name = Release;
		};
		DE18E8051CFDAFC400C557AC /* Debug */ = {
			isa = XCBuildConfiguration;
			buildSettings = {
				PRODUCT_NAME = "$(TARGET_NAME)";
			};
			name = Debug;
		};
		DE18E8061CFDAFC400C557AC /* Release */ = {
			isa = XCBuildConfiguration;
			buildSettings = {
				PRODUCT_NAME = "$(TARGET_NAME)";
			};
			name = Release;
		};
/* End XCBuildConfiguration section */

/* Begin XCConfigurationList section */
		DE18E7F81CFDAFC400C557AC /* Build configuration list for PBXProject "纸牌游戏小猫钓鱼" */ = {
			isa = XCConfigurationList;
			buildConfigurations = (
				DE18E8021CFDAFC400C557AC /* Debug */,
				DE18E8031CFDAFC400C557AC /* Release */,
			);
			defaultConfigurationIsVisible = 0;
			defaultConfigurationName = Release;
		};
		DE18E8041CFDAFC400C557AC /* Build configuration list for PBXNativeTarget "纸牌游戏小猫钓鱼" */ = {
			isa = XCConfigurationList;
			buildConfigurations = (
				DE18E8051CFDAFC400C557AC /* Debug */,
				DE18E8061CFDAFC400C557AC /* Release */,
			);
			defaultConfigurationIsVisible = 0;
		};
/* End XCConfigurationList section */
	};
	rootObject = DE18E7F51CFDAFC400C557AC /* Project object */;
}
